{
  "version": 4,
  "terraform_version": "0.12.8",
  "serial": 4,
  "lineage": "fa4b4f75-2380-1955-ad6d-f2d97efb7aad",
  "outputs": {},
  "resources": [
    {
      "module": "module.ec2",
      "mode": "managed",
      "type": "aws_instance",
      "name": "web",
      "each": "list",
      "provider": "provider.aws",
      "instances": []
    },
    {
      "module": "module.key_pair",
      "mode": "managed",
      "type": "aws_key_pair",
      "name": "test",
      "provider": "provider.aws",
      "instances": [
        {
          "schema_version": 1,
          "attributes": {
            "fingerprint": "68:67:87:ec:53:c1:68:41:5c:66:9b:fa:d2:4c:5a:04",
            "id": "deployer-key",
            "key_name": "deployer-key",
            "key_name_prefix": null,
            "public_key": "ssh-rsa AAAAB3NzaC1yc2EAAAADAQABAAABAQDBNTeNcZ8tZ109ivYdHsj+Lxnj6soEAVLbsYrWvWejDpVQzEzvoOLrCv2UyToVVRI6k0LqAaY9jO4/T+WfTM/fH/1PoxZf8DZVX/RNS+VB6xeXMVmF8LPivM/Gr9AOuigLqAeH44rsU1vJThN5+++FSnpbszeq0tDaHx/tZm9vQDvx3/S//cGhnhzzVjDRUBil6r0ckb86HhR8uk+073CshrwGTDzD+MOq7N0vlBGxLZDJbUiIs1VyCPvJ3YT/lFwbj/Wmh4ZJWOj7vkkxLhlSRNcNtvkYgcsbt/5OmBOUtshWDyMKBcuI1JjKmoGuwPq9FnwcYghU9H4p35mPbutX Anju@MDSs-MacBook-Pro.local"
          },
          "private": "eyJzY2hlbWFfdmVyc2lvbiI6IjEifQ=="
        }
      ]
    },
    {
      "module": "module.my_vpc",
      "mode": "managed",
      "type": "aws_subnet",
      "name": "main",
      "provider": "provider.aws",
      "instances": [
        {
          "schema_version": 1,
          "attributes": {
            "arn": "arn:aws:ec2:us-east-1:306761918474:subnet/subnet-04a8ffbf8a6835eb0",
            "assign_ipv6_address_on_creation": false,
            "availability_zone": "us-east-1f",
            "availability_zone_id": "use1-az5",
            "cidr_block": "10.0.1.0/24",
            "id": "subnet-04a8ffbf8a6835eb0",
            "ipv6_cidr_block": "",
            "ipv6_cidr_block_association_id": "",
            "map_public_ip_on_launch": false,
            "owner_id": "306761918474",
            "tags": {
              "Name": "Main"
            },
            "timeouts": null,
            "vpc_id": "vpc-0e4d9a37813da1afd"
          },
          "private": "eyJlMmJmYjczMC1lY2FhLTExZTYtOGY4OC0zNDM2M2JjN2M0YzAiOnsiY3JlYXRlIjo2MDAwMDAwMDAwMDAsImRlbGV0ZSI6MTIwMDAwMDAwMDAwMH0sInNjaGVtYV92ZXJzaW9uIjoiMSJ9"
        }
      ]
    },
    {
      "module": "module.my_vpc",
      "mode": "managed",
      "type": "aws_vpc",
      "name": "main",
      "provider": "provider.aws",
      "instances": [
        {
          "schema_version": 1,
          "attributes": {
            "arn": "arn:aws:ec2:us-east-1:306761918474:vpc/vpc-0e4d9a37813da1afd",
            "assign_generated_ipv6_cidr_block": false,
            "cidr_block": "10.0.0.0/16",
            "default_network_acl_id": "acl-0e7ebb2e84efe5f2f",
            "default_route_table_id": "rtb-0804bd96053dbf7cc",
            "default_security_group_id": "sg-06791bb04ab7e0aa5",
            "dhcp_options_id": "dopt-b5ccf3ce",
            "enable_classiclink": false,
            "enable_classiclink_dns_support": false,
            "enable_dns_hostnames": false,
            "enable_dns_support": true,
            "id": "vpc-0e4d9a37813da1afd",
            "instance_tenancy": "dedicated",
            "ipv6_association_id": "",
            "ipv6_cidr_block": "",
            "main_route_table_id": "rtb-0804bd96053dbf7cc",
            "owner_id": "306761918474",
            "tags": {
              "Name": "main"
            }
          },
          "private": "eyJzY2hlbWFfdmVyc2lvbiI6IjEifQ=="
        }
      ]
    }
  ]
}
